
Microsoft Visual Studio Solution File, Format Version 12.00
# Visual Studio 15
Project("{FAE04EC0-301F-11D3-BF4B-00C04F79EFBC}") = "Unity.LevelPlay.Editor", "Unity.LevelPlay.Editor.csproj", "{00D3FF9C-BBBB-5A55-A793-6AC48B8DDC82}"
EndProject
Project("{FAE04EC0-301F-11D3-BF4B-00C04F79EFBC}") = "Google.Android.AppBundle.Editor", "Google.Android.AppBundle.Editor.csproj", "{778B78F7-4C55-259B-C5F4-AC27DA1E9CA0}"
EndProject
Project("{FAE04EC0-301F-11D3-BF4B-00C04F79EFBC}") = "Google.Play.Games", "Google.Play.Games.csproj", "{287A6EB8-06F9-8EE3-59D7-D29D40B26B1B}"
EndProject
Project("{FAE04EC0-301F-11D3-BF4B-00C04F79EFBC}") = "Google.Play.Games.Editor", "Google.Play.Games.Editor.csproj", "{6C250C4A-338C-E507-1429-C526D74CDA1E}"
EndProject
Project("{FAE04EC0-301F-11D3-BF4B-00C04F79EFBC}") = "Unity.LevelPlay", "Unity.LevelPlay.csproj", "{7CD1E76A-D4C4-F04D-9561-01BC9ED76944}"
EndProject
Project("{FAE04EC0-301F-11D3-BF4B-00C04F79EFBC}") = "Google.Play.Common", "Google.Play.Common.csproj", "{E80C9ABF-5286-BA8E-0782-C7F68337EEDB}"
EndProject
Project("{FAE04EC0-301F-11D3-BF4B-00C04F79EFBC}") = "Google.Play.Core", "Google.Play.Core.csproj", "{EEFEE685-5112-D46D-723D-1968B62C0F0C}"
EndProject
Project("{FAE04EC0-301F-11D3-BF4B-00C04F79EFBC}") = "Assembly-CSharp", "Assembly-CSharp.csproj", "{5D340FB8-FBC3-61E6-52E1-A01235B0B489}"
EndProject
Project("{FAE04EC0-301F-11D3-BF4B-00C04F79EFBC}") = "Google.Play.Review", "Google.Play.Review.csproj", "{18707622-7F6F-B018-6A80-ABBFAC2242E5}"
EndProject
Global
	GlobalSection(SolutionConfigurationPlatforms) = preSolution
		Debug|Any CPU = Debug|Any CPU
		Release|Any CPU = Release|Any CPU
	EndGlobalSection
	GlobalSection(ProjectConfigurationPlatforms) = postSolution
		{00D3FF9C-BBBB-5A55-A793-6AC48B8DDC82}.Debug|Any CPU.ActiveCfg = Debug|Any CPU
		{00D3FF9C-BBBB-5A55-A793-6AC48B8DDC82}.Debug|Any CPU.Build.0 = Debug|Any CPU
		{00D3FF9C-BBBB-5A55-A793-6AC48B8DDC82}.Release|Any CPU.ActiveCfg = Release|Any CPU
		{00D3FF9C-BBBB-5A55-A793-6AC48B8DDC82}.Release|Any CPU.Build.0 = Release|Any CPU
		{778B78F7-4C55-259B-C5F4-AC27DA1E9CA0}.Debug|Any CPU.ActiveCfg = Debug|Any CPU
		{778B78F7-4C55-259B-C5F4-AC27DA1E9CA0}.Debug|Any CPU.Build.0 = Debug|Any CPU
		{778B78F7-4C55-259B-C5F4-AC27DA1E9CA0}.Release|Any CPU.ActiveCfg = Release|Any CPU
		{778B78F7-4C55-259B-C5F4-AC27DA1E9CA0}.Release|Any CPU.Build.0 = Release|Any CPU
		{287A6EB8-06F9-8EE3-59D7-D29D40B26B1B}.Debug|Any CPU.ActiveCfg = Debug|Any CPU
		{287A6EB8-06F9-8EE3-59D7-D29D40B26B1B}.Debug|Any CPU.Build.0 = Debug|Any CPU
		{287A6EB8-06F9-8EE3-59D7-D29D40B26B1B}.Release|Any CPU.ActiveCfg = Release|Any CPU
		{287A6EB8-06F9-8EE3-59D7-D29D40B26B1B}.Release|Any CPU.Build.0 = Release|Any CPU
		{6C250C4A-338C-E507-1429-C526D74CDA1E}.Debug|Any CPU.ActiveCfg = Debug|Any CPU
		{6C250C4A-338C-E507-1429-C526D74CDA1E}.Debug|Any CPU.Build.0 = Debug|Any CPU
		{6C250C4A-338C-E507-1429-C526D74CDA1E}.Release|Any CPU.ActiveCfg = Release|Any CPU
		{6C250C4A-338C-E507-1429-C526D74CDA1E}.Release|Any CPU.Build.0 = Release|Any CPU
		{7CD1E76A-D4C4-F04D-9561-01BC9ED76944}.Debug|Any CPU.ActiveCfg = Debug|Any CPU
		{7CD1E76A-D4C4-F04D-9561-01BC9ED76944}.Debug|Any CPU.Build.0 = Debug|Any CPU
		{7CD1E76A-D4C4-F04D-9561-01BC9ED76944}.Release|Any CPU.ActiveCfg = Release|Any CPU
		{7CD1E76A-D4C4-F04D-9561-01BC9ED76944}.Release|Any CPU.Build.0 = Release|Any CPU
		{E80C9ABF-5286-BA8E-0782-C7F68337EEDB}.Debug|Any CPU.ActiveCfg = Debug|Any CPU
		{E80C9ABF-5286-BA8E-0782-C7F68337EEDB}.Debug|Any CPU.Build.0 = Debug|Any CPU
		{E80C9ABF-5286-BA8E-0782-C7F68337EEDB}.Release|Any CPU.ActiveCfg = Release|Any CPU
		{E80C9ABF-5286-BA8E-0782-C7F68337EEDB}.Release|Any CPU.Build.0 = Release|Any CPU
		{EEFEE685-5112-D46D-723D-1968B62C0F0C}.Debug|Any CPU.ActiveCfg = Debug|Any CPU
		{EEFEE685-5112-D46D-723D-1968B62C0F0C}.Debug|Any CPU.Build.0 = Debug|Any CPU
		{EEFEE685-5112-D46D-723D-1968B62C0F0C}.Release|Any CPU.ActiveCfg = Release|Any CPU
		{EEFEE685-5112-D46D-723D-1968B62C0F0C}.Release|Any CPU.Build.0 = Release|Any CPU
		{5D340FB8-FBC3-61E6-52E1-A01235B0B489}.Debug|Any CPU.ActiveCfg = Debug|Any CPU
		{5D340FB8-FBC3-61E6-52E1-A01235B0B489}.Debug|Any CPU.Build.0 = Debug|Any CPU
		{5D340FB8-FBC3-61E6-52E1-A01235B0B489}.Release|Any CPU.ActiveCfg = Release|Any CPU
		{5D340FB8-FBC3-61E6-52E1-A01235B0B489}.Release|Any CPU.Build.0 = Release|Any CPU
		{18707622-7F6F-B018-6A80-ABBFAC2242E5}.Debug|Any CPU.ActiveCfg = Debug|Any CPU
		{18707622-7F6F-B018-6A80-ABBFAC2242E5}.Debug|Any CPU.Build.0 = Debug|Any CPU
		{18707622-7F6F-B018-6A80-ABBFAC2242E5}.Release|Any CPU.ActiveCfg = Release|Any CPU
		{18707622-7F6F-B018-6A80-ABBFAC2242E5}.Release|Any CPU.Build.0 = Release|Any CPU
	EndGlobalSection
	GlobalSection(SolutionProperties) = preSolution
		HideSolutionNode = FALSE
	EndGlobalSection
EndGlobal
